
Microsoft Visual Studio Solution File, Format Version 12.00
# Visual Studio Version 16
VisualStudioVersion = 16.0.31624.102
MinimumVisualStudioVersion = 10.0.40219.1
Project("{FAE04EC0-301F-11D3-BF4B-00C04F79EFBC}") = "ConApp02", "ConApp02\ConApp02.csproj", "{A1449E36-B3C5-4C92-A8BF-1F7A497D232F}"
EndProject
Global
	GlobalSection(SolutionConfigurationPlatforms) = preSolution
		Debug|Any CPU = Debug|Any CPU
		Release|Any CPU = Release|Any CPU
	EndGlobalSection
	GlobalSection(ProjectConfigurationPlatforms) = postSolution
		{A1449E36-B3C5-4C92-A8BF-1F7A497D232F}.Debug|Any CPU.ActiveCfg = Debug|Any CPU
		{A1449E36-B3C5-4C92-A8BF-1F7A497D232F}.Debug|Any CPU.Build.0 = Debug|Any CPU
		{A1449E36-B3C5-4C92-A8BF-1F7A497D232F}.Release|Any CPU.ActiveCfg = Release|Any CPU
		{A1449E36-B3C5-4C92-A8BF-1F7A497D232F}.Release|Any CPU.Build.0 = Release|Any CPU
	EndGlobalSection
	GlobalSection(SolutionProperties) = preSolution
		HideSolutionNode = FALSE
	EndGlobalSection
	GlobalSection(ExtensibilityGlobals) = postSolution
		SolutionGuid = {E70BA439-D226-406A-87B8-8DD48AB92232}
	EndGlobalSection
EndGlobal
