
Microsoft Visual Studio Solution File, Format Version 12.00
# Visual Studio Version 16
VisualStudioVersion = 16.0.31624.102
MinimumVisualStudioVersion = 10.0.40219.1
Project("{9A19103F-16F7-4668-BE54-9A1E7A4F7556}") = "MsApi01", "MsApi01\MsApi01.csproj", "{403897C1-AF73-48F9-A678-42756ACF5CCB}"
EndProject
Global
	GlobalSection(SolutionConfigurationPlatforms) = preSolution
		Debug|Any CPU = Debug|Any CPU
		Release|Any CPU = Release|Any CPU
	EndGlobalSection
	GlobalSection(ProjectConfigurationPlatforms) = postSolution
		{403897C1-AF73-48F9-A678-42756ACF5CCB}.Debug|Any CPU.ActiveCfg = Debug|Any CPU
		{403897C1-AF73-48F9-A678-42756ACF5CCB}.Debug|Any CPU.Build.0 = Debug|Any CPU
		{403897C1-AF73-48F9-A678-42756ACF5CCB}.Release|Any CPU.ActiveCfg = Release|Any CPU
		{403897C1-AF73-48F9-A678-42756ACF5CCB}.Release|Any CPU.Build.0 = Release|Any CPU
	EndGlobalSection
	GlobalSection(SolutionProperties) = preSolution
		HideSolutionNode = FALSE
	EndGlobalSection
	GlobalSection(ExtensibilityGlobals) = postSolution
		SolutionGuid = {E70BA439-D226-406A-87B8-8DD48AB92232}
	EndGlobalSection
EndGlobal
